// !$*UTF8*$!
{
	archiveVersion = 1;
	classes = {
	};
	objectVersion = 50;
	objects = {

/* Begin PBXBuildFile section */
		CFC67BC02548E24700E1E58F /* instacart_cloneApp.swift in Sources */ = {isa = PBXBuildFile; fileRef = CFC67BBF2548E24700E1E58F /* instacart_cloneApp.swift */; };
		CFC67BC22548E24700E1E58F /* ContentView.swift in Sources */ = {isa = PBXBuildFile; fileRef = CFC67BC12548E24700E1E58F /* ContentView.swift */; };
		CFC67BC42548E24D00E1E58F /* Assets.xcassets in Resources */ = {isa = PBXBuildFile; fileRef = CFC67BC32548E24D00E1E58F /* Assets.xcassets */; };
		CFC67BC72548E24D00E1E58F /* Preview Assets.xcassets in Resources */ = {isa = PBXBuildFile; fileRef = CFC67BC62548E24D00E1E58F /* Preview Assets.xcassets */; };
		CFEBE28F2549FFBE0095C411 /* CartButton.swift in Sources */ = {isa = PBXBuildFile; fileRef = CFEBE28E2549FFBE0095C411 /* CartButton.swift */; };
		CFEBE296254A085B0095C411 /* NavBar.swift in Sources */ = {isa = PBXBuildFile; fileRef = CFEBE295254A085B0095C411 /* NavBar.swift */; };
/* End PBXBuildFile section */

/* Begin PBXFileReference section */
		CFC67BBC2548E24700E1E58F /* instacart-clone.app */ = {isa = PBXFileReference; explicitFileType = wrapper.application; includeInIndex = 0; path = "instacart-clone.app"; sourceTree = BUILT_PRODUCTS_DIR; };
		CFC67BBF2548E24700E1E58F /* instacart_cloneApp.swift */ = {isa = PBXFileReference; lastKnownFileType = sourcecode.swift; path = instacart_cloneApp.swift; sourceTree = "<group>"; };
		CFC67BC12548E24700E1E58F /* ContentView.swift */ = {isa = PBXFileReference; lastKnownFileType = sourcecode.swift; path = ContentView.swift; sourceTree = "<group>"; };
		CFC67BC32548E24D00E1E58F /* Assets.xcassets */ = {isa = PBXFileReference; lastKnownFileType = folder.assetcatalog; path = Assets.xcassets; sourceTree = "<group>"; };
		CFC67BC62548E24D00E1E58F /* Preview Assets.xcassets */ = {isa = PBXFileReference; lastKnownFileType = folder.assetcatalog; path = "Preview Assets.xcassets"; sourceTree = "<group>"; };
		CFC67BC82548E24D00E1E58F /* Info.plist */ = {isa = PBXFileReference; lastKnownFileType = text.plist.xml; path = Info.plist; sourceTree = "<group>"; };
		CFEBE28E2549FFBE0095C411 /* CartButton.swift */ = {isa = PBXFileReference; lastKnownFileType = sourcecode.swift; path = CartButton.swift; sourceTree = "<group>"; };
		CFEBE295254A085B0095C411 /* NavBar.swift */ = {isa = PBXFileReference; lastKnownFileType = sourcecode.swift; path = NavBar.swift; sourceTree = "<group>"; };
/* End PBXFileReference section */

/* Begin PBXFrameworksBuildPhase section */
		CFC67BB92548E24700E1E58F /* Frameworks */ = {
			isa = PBXFrameworksBuildPhase;
			buildActionMask = 2147483647;
			files = (
			);
			runOnlyForDeploymentPostprocessing = 0;
		};
/* End PBXFrameworksBuildPhase section */

/* Begin PBXGroup section */
		CFC67BB32548E24700E1E58F = {
			isa = PBXGroup;
			children = (
				CFC67BBE2548E24700E1E58F /* instacart-clone */,
				CFC67BBD2548E24700E1E58F /* Products */,
			);
			sourceTree = "<group>";
		};
		CFC67BBD2548E24700E1E58F /* Products */ = {
			isa = PBXGroup;
			children = (
				CFC67BBC2548E24700E1E58F /* instacart-clone.app */,
			);
			name = Products;
			sourceTree = "<group>";
		};
		CFC67BBE2548E24700E1E58F /* instacart-clone */ = {
			isa = PBXGroup;
			children = (
				CFEBE298254A0A5E0095C411 /* Views */,
				CFC67BBF2548E24700E1E58F /* instacart_cloneApp.swift */,
				CFC67BC32548E24D00E1E58F /* Assets.xcassets */,
				CFC67BC82548E24D00E1E58F /* Info.plist */,
				CFC67BC52548E24D00E1E58F /* Preview Content */,
			);
			path = "instacart-clone";
			sourceTree = "<group>";
		};
		CFC67BC52548E24D00E1E58F /* Preview Content */ = {
			isa = PBXGroup;
			children = (
				CFC67BC62548E24D00E1E58F /* Preview Assets.xcassets */,
			);
			path = "Preview Content";
			sourceTree = "<group>";
		};
		CFEBE298254A0A5E0095C411 /* Views */ = {
			isa = PBXGroup;
			children = (
				CFC67BC12548E24700E1E58F /* ContentView.swift */,
				CFEBE28E2549FFBE0095C411 /* CartButton.swift */,
				CFEBE295254A085B0095C411 /* NavBar.swift */,
			);
			path = Views;
			sourceTree = "<group>";
		};
/* End PBXGroup section */

/* Begin PBXNativeTarget section */
		CFC67BBB2548E24700E1E58F /* instacart-clone */ = {
			isa = PBXNativeTarget;
			buildConfigurationList = CFC67BCB2548E24D00E1E58F /* Build configuration list for PBXNativeTarget "instacart-clone" */;
			buildPhases = (
				CFC67BB82548E24700E1E58F /* Sources */,
				CFC67BB92548E24700E1E58F /* Frameworks */,
				CFC67BBA2548E24700E1E58F /* Resources */,
			);
			buildRules = (
			);
			dependencies = (
			);
			name = "instacart-clone";
			productName = "instacart-clone";
			productReference = CFC67BBC2548E24700E1E58F /* instacart-clone.app */;
			productType = "com.apple.product-type.application";
		};
/* End PBXNativeTarget section */

/* Begin PBXProject section */
		CFC67BB42548E24700E1E58F /* Project object */ = {
			isa = PBXProject;
			attributes = {
				LastSwiftUpdateCheck = 1200;
				LastUpgradeCheck = 1200;
				TargetAttributes = {
					CFC67BBB2548E24700E1E58F = {
						CreatedOnToolsVersion = 12.0;
					};
				};
			};
			buildConfigurationList = CFC67BB72548E24700E1E58F /* Build configuration list for PBXProject "instacart-clone" */;
			compatibilityVersion = "Xcode 9.3";
			developmentRegion = en;
			hasScannedForEncodings = 0;
			knownRegions = (
				en,
				Base,
			);
			mainGroup = CFC67BB32548E24700E1E58F;
			productRefGroup = CFC67BBD2548E24700E1E58F /* Products */;
			projectDirPath = "";
			projectRoot = "";
			targets = (
				CFC67BBB2548E24700E1E58F /* instacart-clone */,
			);
		};
/* End PBXProject section */

/* Begin PBXResourcesBuildPhase section */
		CFC67BBA2548E24700E1E58F /* Resources */ = {
			isa = PBXResourcesBuildPhase;
			buildActionMask = 2147483647;
			files = (
				CFC67BC72548E24D00E1E58F /* Preview Assets.xcassets in Resources */,
				CFC67BC42548E24D00E1E58F /* Assets.xcassets in Resources */,
			);
			runOnlyForDeploymentPostprocessing = 0;
		};
/* End PBXResourcesBuildPhase section */

/* Begin PBXSourcesBuildPhase section */
		CFC67BB82548E24700E1E58F /* Sources */ = {
			isa = PBXSourcesBuildPhase;
			buildActionMask = 2147483647;
			files = (
				CFC67BC22548E24700E1E58F /* ContentView.swift in Sources */,
				CFEBE296254A085B0095C411 /* NavBar.swift in Sources */,
				CFC67BC02548E24700E1E58F /* instacart_cloneApp.swift in Sources */,
				CFEBE28F2549FFBE0095C411 /* CartButton.swift in Sources */,
			);
			runOnlyForDeploymentPostprocessing = 0;
		};
/* End PBXSourcesBuildPhase section */

/* Begin XCBuildConfiguration section */
		CFC67BC92548E24D00E1E58F /* Debug */ = {
			isa = XCBuildConfiguration;
			buildSettings = {
				ALWAYS_SEARCH_USER_PATHS = NO;
				CLANG_ANALYZER_NONNULL = YES;
				CLANG_ANALYZER_NUMBER_OBJECT_CONVERSION = YES_AGGRESSIVE;
				CLANG_CXX_LANGUAGE_STANDARD = "gnu++14";
				CLANG_CXX_LIBRARY = "libc++";
				CLANG_ENABLE_MODULES = YES;
				CLANG_ENABLE_OBJC_ARC = YES;
				CLANG_ENABLE_OBJC_WEAK = YES;
				CLANG_WARN_BLOCK_CAPTURE_AUTORELEASING = YES;
				CLANG_WARN_BOOL_CONVERSION = YES;
				CLANG_WARN_COMMA = YES;
				CLANG_WARN_CONSTANT_CONVERSION = YES;
				CLANG_WARN_DEPRECATED_OBJC_IMPLEMENTATIONS = YES;
				CLANG_WARN_DIRECT_OBJC_ISA_USAGE = YES_ERROR;
				CLANG_WARN_DOCUMENTATION_COMMENTS = YES;
				CLANG_WARN_EMPTY_BODY = YES;
				CLANG_WARN_ENUM_CONVERSION = YES;
				CLANG_WARN_INFINITE_RECURSION = YES;
				CLANG_WARN_INT_CONVERSION = YES;
				CLANG_WARN_NON_LITERAL_NULL_CONVERSION = YES;
				CLANG_WARN_OBJC_IMPLICIT_RETAIN_SELF = YES;
				CLANG_WARN_OBJC_LITERAL_CONVERSION = YES;
				CLANG_WARN_OBJC_ROOT_CLASS = YES_ERROR;
				CLANG_WARN_QUOTED_INCLUDE_IN_FRAMEWORK_HEADER = YES;
				CLANG_WARN_RANGE_LOOP_ANALYSIS = YES;
				CLANG_WARN_STRICT_PROTOTYPES = YES;
				CLANG_WARN_SUSPICIOUS_MOVE = YES;
				CLANG_WARN_UNGUARDED_AVAILABILITY = YES_AGGRESSIVE;
				CLANG_WARN_UNREACHABLE_CODE = YES;
				CLANG_WARN__DUPLICATE_METHOD_MATCH = YES;
				COPY_PHASE_STRIP = NO;
				DEBUG_INFORMATION_FORMAT = dwarf;
				ENABLE_STRICT_OBJC_MSGSEND = YES;
				ENABLE_TESTABILITY = YES;
				GCC_C_LANGUAGE_STANDARD = gnu11;
				GCC_DYNAMIC_NO_PIC = NO;
				GCC_NO_COMMON_BLOCKS = YES;
				GCC_OPTIMIZATION_LEVEL = 0;
				GCC_PREPROCESSOR_DEFINITIONS = (
					"DEBUG=1",
					"$(inherited)",
				);
				GCC_WARN_64_TO_32_BIT_CONVERSION = YES;
				GCC_WARN_ABOUT_RETURN_TYPE = YES_ERROR;
				GCC_WARN_UNDECLARED_SELECTOR = YES;
				GCC_WARN_UNINITIALIZED_AUTOS = YES_AGGRESSIVE;
				GCC_WARN_UNUSED_FUNCTION = YES;
				GCC_WARN_UNUSED_VARIABLE = YES;
				IPHONEOS_DEPLOYMENT_TARGET = 14.0;
				MTL_ENABLE_DEBUG_INFO = INCLUDE_SOURCE;
				MTL_FAST_MATH = YES;
				ONLY_ACTIVE_ARCH = YES;
				SDKROOT = iphoneos;
				SWIFT_ACTIVE_COMPILATION_CONDITIONS = DEBUG;
				SWIFT_OPTIMIZATION_LEVEL = "-Onone";
			};
			name = Debug;
		};
		CFC67BCA2548E24D00E1E58F /* Release */ = {
			isa = XCBuildConfiguration;
			buildSettings = {
				ALWAYS_SEARCH_USER_PATHS = NO;
				CLANG_ANALYZER_NONNULL = YES;
				CLANG_ANALYZER_NUMBER_OBJECT_CONVERSION = YES_AGGRESSIVE;
				CLANG_CXX_LANGUAGE_STANDARD = "gnu++14";
				CLANG_CXX_LIBRARY = "libc++";
				CLANG_ENABLE_MODULES = YES;
				CLANG_ENABLE_OBJC_ARC = YES;
				CLANG_ENABLE_OBJC_WEAK = YES;
				CLANG_WARN_BLOCK_CAPTURE_AUTORELEASING = YES;
				CLANG_WARN_BOOL_CONVERSION = YES;
				CLANG_WARN_COMMA = YES;
				CLANG_WARN_CONSTANT_CONVERSION = YES;
				CLANG_WARN_DEPRECATED_OBJC_IMPLEMENTATIONS = YES;
				CLANG_WARN_DIRECT_OBJC_ISA_USAGE = YES_ERROR;
				CLANG_WARN_DOCUMENTATION_COMMENTS = YES;
				CLANG_WARN_EMPTY_BODY = YES;
				CLANG_WARN_ENUM_CONVERSION = YES;
				CLANG_WARN_INFINITE_RECURSION = YES;
				CLANG_WARN_INT_CONVERSION = YES;
				CLANG_WARN_NON_LITERAL_NULL_CONVERSION = YES;
				CLANG_WARN_OBJC_IMPLICIT_RETAIN_SELF = YES;
				CLANG_WARN_OBJC_LITERAL_CONVERSION = YES;
				CLANG_WARN_OBJC_ROOT_CLASS = YES_ERROR;
				CLANG_WARN_QUOTED_INCLUDE_IN_FRAMEWORK_HEADER = YES;
				CLANG_WARN_RANGE_LOOP_ANALYSIS = YES;
				CLANG_WARN_STRICT_PROTOTYPES = YES;
				CLANG_WARN_SUSPICIOUS_MOVE = YES;
				CLANG_WARN_UNGUARDED_AVAILABILITY = YES_AGGRESSIVE;
				CLANG_WARN_UNREACHABLE_CODE = YES;
				CLANG_WARN__DUPLICATE_METHOD_MATCH = YES;
				COPY_PHASE_STRIP = NO;
				DEBUG_INFORMATION_FORMAT = "dwarf-with-dsym";
				ENABLE_NS_ASSERTIONS = NO;
				ENABLE_STRICT_OBJC_MSGSEND = YES;
				GCC_C_LANGUAGE_STANDARD = gnu11;
				GCC_NO_COMMON_BLOCKS = YES;
				GCC_WARN_64_TO_32_BIT_CONVERSION = YES;
				GCC_WARN_ABOUT_RETURN_TYPE = YES_ERROR;
				GCC_WARN_UNDECLARED_SELECTOR = YES;
				GCC_WARN_UNINITIALIZED_AUTOS = YES_AGGRESSIVE;
				GCC_WARN_UNUSED_FUNCTION = YES;
				GCC_WARN_UNUSED_VARIABLE = YES;
				IPHONEOS_DEPLOYMENT_TARGET = 14.0;
				MTL_ENABLE_DEBUG_INFO = NO;
				MTL_FAST_MATH = YES;
				SDKROOT = iphoneos;
				SWIFT_COMPILATION_MODE = wholemodule;
				SWIFT_OPTIMIZATION_LEVEL = "-O";
				VALIDATE_PRODUCT = YES;
			};
			name = Release;
		};
		CFC67BCC2548E24D00E1E58F /* Debug */ = {
			isa = XCBuildConfiguration;
			buildSettings = {
				ASSETCATALOG_COMPILER_APPICON_NAME = AppIcon;
				ASSETCATALOG_COMPILER_GLOBAL_ACCENT_COLOR_NAME = AccentColor;
				CODE_SIGN_STYLE = Automatic;
				DEVELOPMENT_ASSET_PATHS = "\"instacart-clone/Preview Content\"";
				DEVELOPMENT_TEAM = HXYM5H2DXG;
				ENABLE_PREVIEWS = YES;
				INFOPLIST_FILE = "instacart-clone/Info.plist";
				IPHONEOS_DEPLOYMENT_TARGET = 14.0;
				LD_RUNPATH_SEARCH_PATHS = (
					"$(inherited)",
					"@executable_path/Frameworks",
				);
				PRODUCT_BUNDLE_IDENTIFIER = "com.anikamorris.instacart-clone";
				PRODUCT_NAME = "$(TARGET_NAME)";
				SWIFT_VERSION = 5.0;
				TARGETED_DEVICE_FAMILY = "1,2";
			};
			name = Debug;
		};
		CFC67BCD2548E24D00E1E58F /* Release */ = {
			isa = XCBuildConfiguration;
			buildSettings = {
				ASSETCATALOG_COMPILER_APPICON_NAME = AppIcon;
				ASSETCATALOG_COMPILER_GLOBAL_ACCENT_COLOR_NAME = AccentColor;
				CODE_SIGN_STYLE = Automatic;
				DEVELOPMENT_ASSET_PATHS = "\"instacart-clone/Preview Content\"";
				DEVELOPMENT_TEAM = HXYM5H2DXG;
				ENABLE_PREVIEWS = YES;
				INFOPLIST_FILE = "instacart-clone/Info.plist";
				IPHONEOS_DEPLOYMENT_TARGET = 14.0;
				LD_RUNPATH_SEARCH_PATHS = (
					"$(inherited)",
					"@executable_path/Frameworks",
				);
				PRODUCT_BUNDLE_IDENTIFIER = "com.anikamorris.instacart-clone";
				PRODUCT_NAME = "$(TARGET_NAME)";
				SWIFT_VERSION = 5.0;
				TARGETED_DEVICE_FAMILY = "1,2";
			};
			name = Release;
		};
/* End XCBuildConfiguration section */

/* Begin XCConfigurationList section */
		CFC67BB72548E24700E1E58F /* Build configuration list for PBXProject "instacart-clone" */ = {
			isa = XCConfigurationList;
			buildConfigurations = (
				CFC67BC92548E24D00E1E58F /* Debug */,
				CFC67BCA2548E24D00E1E58F /* Release */,
			);
			defaultConfigurationIsVisible = 0;
			defaultConfigurationName = Release;
		};
		CFC67BCB2548E24D00E1E58F /* Build configuration list for PBXNativeTarget "instacart-clone" */ = {
			isa = XCConfigurationList;
			buildConfigurations = (
				CFC67BCC2548E24D00E1E58F /* Debug */,
				CFC67BCD2548E24D00E1E58F /* Release */,
			);
			defaultConfigurationIsVisible = 0;
			defaultConfigurationName = Release;
		};
/* End XCConfigurationList section */
	};
	rootObject = CFC67BB42548E24700E1E58F /* Project object */;
}
